// !$*UTF8*$!
{
	archiveVersion = 1;
	classes = {
	};
	objectVersion = 46;
	objects = {

/* Begin PBXBuildFile section */
		13367D73183A389900E466AE /* Foundation.framework in Frameworks */ = {isa = PBXBuildFile; fileRef = 13367D72183A389900E466AE /* Foundation.framework */; };
		13367D75183A389900E466AE /* CoreGraphics.framework in Frameworks */ = {isa = PBXBuildFile; fileRef = 13367D74183A389900E466AE /* CoreGraphics.framework */; };
		13367D77183A389900E466AE /* UIKit.framework in Frameworks */ = {isa = PBXBuildFile; fileRef = 13367D76183A389900E466AE /* UIKit.framework */; };
		13367D7D183A389900E466AE /* InfoPlist.strings in Resources */ = {isa = PBXBuildFile; fileRef = 13367D7B183A389900E466AE /* InfoPlist.strings */; };
		13367D7F183A389900E466AE /* main.m in Sources */ = {isa = PBXBuildFile; fileRef = 13367D7E183A389900E466AE /* main.m */; };
		13367D83183A389900E466AE /* LDCAppDelegate.m in Sources */ = {isa = PBXBuildFile; fileRef = 13367D82183A389900E466AE /* LDCAppDelegate.m */; };
		13367D86183A389900E466AE /* Main.storyboard in Resources */ = {isa = PBXBuildFile; fileRef = 13367D84183A389900E466AE /* Main.storyboard */; };
		13367D89183A389900E466AE /* LDCViewController.m in Sources */ = {isa = PBXBuildFile; fileRef = 13367D88183A389900E466AE /* LDCViewController.m */; };
		13367D8B183A389900E466AE /* Images.xcassets in Resources */ = {isa = PBXBuildFile; fileRef = 13367D8A183A389900E466AE /* Images.xcassets */; };
		13367D92183A389900E466AE /* XCTest.framework in Frameworks */ = {isa = PBXBuildFile; fileRef = 13367D91183A389900E466AE /* XCTest.framework */; };
		13367D93183A389900E466AE /* Foundation.framework in Frameworks */ = {isa = PBXBuildFile; fileRef = 13367D72183A389900E466AE /* Foundation.framework */; };
		13367D94183A389900E466AE /* UIKit.framework in Frameworks */ = {isa = PBXBuildFile; fileRef = 13367D76183A389900E466AE /* UIKit.framework */; };
		13367D9C183A389900E466AE /* InfoPlist.strings in Resources */ = {isa = PBXBuildFile; fileRef = 13367D9A183A389900E466AE /* InfoPlist.strings */; };
		13367D9E183A389900E466AE /* OSMemoryManagementTests.m in Sources */ = {isa = PBXBuildFile; fileRef = 13367D9D183A389900E466AE /* OSMemoryManagementTests.m */; };
		13367DA9183A3D6D00E466AE /* LDCProcessModel.m in Sources */ = {isa = PBXBuildFile; fileRef = 13367DA8183A3D6D00E466AE /* LDCProcessModel.m */; };
/* End PBXBuildFile section */

/* Begin PBXContainerItemProxy section */
		13367D95183A389900E466AE /* PBXContainerItemProxy */ = {
			isa = PBXContainerItemProxy;
			containerPortal = 13367D67183A389900E466AE /* Project object */;
			proxyType = 1;
			remoteGlobalIDString = 13367D6E183A389900E466AE;
			remoteInfo = OSMemoryManagement;
		};
/* End PBXContainerItemProxy section */

/* Begin PBXFileReference section */
		13367D6F183A389900E466AE /* OSMemoryManagement.app */ = {isa = PBXFileReference; explicitFileType = wrapper.application; includeInIndex = 0; path = OSMemoryManagement.app; sourceTree = BUILT_PRODUCTS_DIR; };
		13367D72183A389900E466AE /* Foundation.framework */ = {isa = PBXFileReference; lastKnownFileType = wrapper.framework; name = Foundation.framework; path = System/Library/Frameworks/Foundation.framework; sourceTree = SDKROOT; };
		13367D74183A389900E466AE /* CoreGraphics.framework */ = {isa = PBXFileReference; lastKnownFileType = wrapper.framework; name = CoreGraphics.framework; path = System/Library/Frameworks/CoreGraphics.framework; sourceTree = SDKROOT; };
		13367D76183A389900E466AE /* UIKit.framework */ = {isa = PBXFileReference; lastKnownFileType = wrapper.framework; name = UIKit.framework; path = System/Library/Frameworks/UIKit.framework; sourceTree = SDKROOT; };
		13367D7A183A389900E466AE /* OSMemoryManagement-Info.plist */ = {isa = PBXFileReference; lastKnownFileType = text.plist.xml; path = "OSMemoryManagement-Info.plist"; sourceTree = "<group>"; };
		13367D7C183A389900E466AE /* en */ = {isa = PBXFileReference; lastKnownFileType = text.plist.strings; name = en; path = en.lproj/InfoPlist.strings; sourceTree = "<group>"; };
		13367D7E183A389900E466AE /* main.m */ = {isa = PBXFileReference; lastKnownFileType = sourcecode.c.objc; path = main.m; sourceTree = "<group>"; };
		13367D80183A389900E466AE /* OSMemoryManagement-Prefix.pch */ = {isa = PBXFileReference; lastKnownFileType = sourcecode.c.h; path = "OSMemoryManagement-Prefix.pch"; sourceTree = "<group>"; };
		13367D81183A389900E466AE /* LDCAppDelegate.h */ = {isa = PBXFileReference; lastKnownFileType = sourcecode.c.h; path = LDCAppDelegate.h; sourceTree = "<group>"; };
		13367D82183A389900E466AE /* LDCAppDelegate.m */ = {isa = PBXFileReference; lastKnownFileType = sourcecode.c.objc; path = LDCAppDelegate.m; sourceTree = "<group>"; };
		13367D85183A389900E466AE /* Base */ = {isa = PBXFileReference; lastKnownFileType = file.storyboard; name = Base; path = Base.lproj/Main.storyboard; sourceTree = "<group>"; };
		13367D87183A389900E466AE /* LDCViewController.h */ = {isa = PBXFileReference; lastKnownFileType = sourcecode.c.h; path = LDCViewController.h; sourceTree = "<group>"; };
		13367D88183A389900E466AE /* LDCViewController.m */ = {isa = PBXFileReference; lastKnownFileType = sourcecode.c.objc; path = LDCViewController.m; sourceTree = "<group>"; };
		13367D8A183A389900E466AE /* Images.xcassets */ = {isa = PBXFileReference; lastKnownFileType = folder.assetcatalog; path = Images.xcassets; sourceTree = "<group>"; };
		13367D90183A389900E466AE /* OSMemoryManagementTests.xctest */ = {isa = PBXFileReference; explicitFileType = wrapper.cfbundle; includeInIndex = 0; path = OSMemoryManagementTests.xctest; sourceTree = BUILT_PRODUCTS_DIR; };
		13367D91183A389900E466AE /* XCTest.framework */ = {isa = PBXFileReference; lastKnownFileType = wrapper.framework; name = XCTest.framework; path = Library/Frameworks/XCTest.framework; sourceTree = DEVELOPER_DIR; };
		13367D99183A389900E466AE /* OSMemoryManagementTests-Info.plist */ = {isa = PBXFileReference; lastKnownFileType = text.plist.xml; path = "OSMemoryManagementTests-Info.plist"; sourceTree = "<group>"; };
		13367D9B183A389900E466AE /* en */ = {isa = PBXFileReference; lastKnownFileType = text.plist.strings; name = en; path = en.lproj/InfoPlist.strings; sourceTree = "<group>"; };
		13367D9D183A389900E466AE /* OSMemoryManagementTests.m */ = {isa = PBXFileReference; lastKnownFileType = sourcecode.c.objc; path = OSMemoryManagementTests.m; sourceTree = "<group>"; };
		13367DA7183A3D6D00E466AE /* LDCProcessModel.h */ = {isa = PBXFileReference; fileEncoding = 4; lastKnownFileType = sourcecode.c.h; path = LDCProcessModel.h; sourceTree = "<group>"; };
		13367DA8183A3D6D00E466AE /* LDCProcessModel.m */ = {isa = PBXFileReference; fileEncoding = 4; lastKnownFileType = sourcecode.c.objc; path = LDCProcessModel.m; sourceTree = "<group>"; };
/* End PBXFileReference section */

/* Begin PBXFrameworksBuildPhase section */
		13367D6C183A389900E466AE /* Frameworks */ = {
			isa = PBXFrameworksBuildPhase;
			buildActionMask = 2147483647;
			files = (
				13367D75183A389900E466AE /* CoreGraphics.framework in Frameworks */,
				13367D77183A389900E466AE /* UIKit.framework in Frameworks */,
				13367D73183A389900E466AE /* Foundation.framework in Frameworks */,
			);
			runOnlyForDeploymentPostprocessing = 0;
		};
		13367D8D183A389900E466AE /* Frameworks */ = {
			isa = PBXFrameworksBuildPhase;
			buildActionMask = 2147483647;
			files = (
				13367D92183A389900E466AE /* XCTest.framework in Frameworks */,
				13367D94183A389900E466AE /* UIKit.framework in Frameworks */,
				13367D93183A389900E466AE /* Foundation.framework in Frameworks */,
			);
			runOnlyForDeploymentPostprocessing = 0;
		};
/* End PBXFrameworksBuildPhase section */

/* Begin PBXGroup section */
		13367D66183A389900E466AE = {
			isa = PBXGroup;
			children = (
				13367D78183A389900E466AE /* OSMemoryManagement */,
				13367D97183A389900E466AE /* OSMemoryManagementTests */,
				13367D71183A389900E466AE /* Frameworks */,
				13367D70183A389900E466AE /* Products */,
			);
			sourceTree = "<group>";
		};
		13367D70183A389900E466AE /* Products */ = {
			isa = PBXGroup;
			children = (
				13367D6F183A389900E466AE /* OSMemoryManagement.app */,
				13367D90183A389900E466AE /* OSMemoryManagementTests.xctest */,
			);
			name = Products;
			sourceTree = "<group>";
		};
		13367D71183A389900E466AE /* Frameworks */ = {
			isa = PBXGroup;
			children = (
				13367D72183A389900E466AE /* Foundation.framework */,
				13367D74183A389900E466AE /* CoreGraphics.framework */,
				13367D76183A389900E466AE /* UIKit.framework */,
				13367D91183A389900E466AE /* XCTest.framework */,
			);
			name = Frameworks;
			sourceTree = "<group>";
		};
		13367D78183A389900E466AE /* OSMemoryManagement */ = {
			isa = PBXGroup;
			children = (
				13367DA7183A3D6D00E466AE /* LDCProcessModel.h */,
				13367DA8183A3D6D00E466AE /* LDCProcessModel.m */,
				13367D81183A389900E466AE /* LDCAppDelegate.h */,
				13367D82183A389900E466AE /* LDCAppDelegate.m */,
				13367D84183A389900E466AE /* Main.storyboard */,
				13367D87183A389900E466AE /* LDCViewController.h */,
				13367D88183A389900E466AE /* LDCViewController.m */,
				13367D8A183A389900E466AE /* Images.xcassets */,
				13367D79183A389900E466AE /* Supporting Files */,
			);
			path = OSMemoryManagement;
			sourceTree = "<group>";
		};
		13367D79183A389900E466AE /* Supporting Files */ = {
			isa = PBXGroup;
			children = (
				13367D7A183A389900E466AE /* OSMemoryManagement-Info.plist */,
				13367D7B183A389900E466AE /* InfoPlist.strings */,
				13367D7E183A389900E466AE /* main.m */,
				13367D80183A389900E466AE /* OSMemoryManagement-Prefix.pch */,
			);
			name = "Supporting Files";
			sourceTree = "<group>";
		};
		13367D97183A389900E466AE /* OSMemoryManagementTests */ = {
			isa = PBXGroup;
			children = (
				13367D9D183A389900E466AE /* OSMemoryManagementTests.m */,
				13367D98183A389900E466AE /* Supporting Files */,
			);
			path = OSMemoryManagementTests;
			sourceTree = "<group>";
		};
		13367D98183A389900E466AE /* Supporting Files */ = {
			isa = PBXGroup;
			children = (
				13367D99183A389900E466AE /* OSMemoryManagementTests-Info.plist */,
				13367D9A183A389900E466AE /* InfoPlist.strings */,
			);
			name = "Supporting Files";
			sourceTree = "<group>";
		};
/* End PBXGroup section */

/* Begin PBXNativeTarget section */
		13367D6E183A389900E466AE /* OSMemoryManagement */ = {
			isa = PBXNativeTarget;
			buildConfigurationList = 13367DA1183A389900E466AE /* Build configuration list for PBXNativeTarget "OSMemoryManagement" */;
			buildPhases = (
				13367D6B183A389900E466AE /* Sources */,
				13367D6C183A389900E466AE /* Frameworks */,
				13367D6D183A389900E466AE /* Resources */,
			);
			buildRules = (
			);
			dependencies = (
			);
			name = OSMemoryManagement;
			productName = OSMemoryManagement;
			productReference = 13367D6F183A389900E466AE /* OSMemoryManagement.app */;
			productType = "com.apple.product-type.application";
		};
		13367D8F183A389900E466AE /* OSMemoryManagementTests */ = {
			isa = PBXNativeTarget;
			buildConfigurationList = 13367DA4183A389900E466AE /* Build configuration list for PBXNativeTarget "OSMemoryManagementTests" */;
			buildPhases = (
				13367D8C183A389900E466AE /* Sources */,
				13367D8D183A389900E466AE /* Frameworks */,
				13367D8E183A389900E466AE /* Resources */,
			);
			buildRules = (
			);
			dependencies = (
				13367D96183A389900E466AE /* PBXTargetDependency */,
			);
			name = OSMemoryManagementTests;
			productName = OSMemoryManagementTests;
			productReference = 13367D90183A389900E466AE /* OSMemoryManagementTests.xctest */;
			productType = "com.apple.product-type.bundle.unit-test";
		};
/* End PBXNativeTarget section */

/* Begin PBXProject section */
		13367D67183A389900E466AE /* Project object */ = {
			isa = PBXProject;
			attributes = {
				CLASSPREFIX = LDC;
				LastUpgradeCheck = 0500;
				ORGANIZATIONNAME = "大畅";
				TargetAttributes = {
					13367D8F183A389900E466AE = {
						TestTargetID = 13367D6E183A389900E466AE;
					};
				};
			};
			buildConfigurationList = 13367D6A183A389900E466AE /* Build configuration list for PBXProject "OSMemoryManagement" */;
			compatibilityVersion = "Xcode 3.2";
			developmentRegion = English;
			hasScannedForEncodings = 0;
			knownRegions = (
				en,
				Base,
			);
			mainGroup = 13367D66183A389900E466AE;
			productRefGroup = 13367D70183A389900E466AE /* Products */;
			projectDirPath = "";
			projectRoot = "";
			targets = (
				13367D6E183A389900E466AE /* OSMemoryManagement */,
				13367D8F183A389900E466AE /* OSMemoryManagementTests */,
			);
		};
/* End PBXProject section */

/* Begin PBXResourcesBuildPhase section */
		13367D6D183A389900E466AE /* Resources */ = {
			isa = PBXResourcesBuildPhase;
			buildActionMask = 2147483647;
			files = (
				13367D8B183A389900E466AE /* Images.xcassets in Resources */,
				13367D7D183A389900E466AE /* InfoPlist.strings in Resources */,
				13367D86183A389900E466AE /* Main.storyboard in Resources */,
			);
			runOnlyForDeploymentPostprocessing = 0;
		};
		13367D8E183A389900E466AE /* Resources */ = {
			isa = PBXResourcesBuildPhase;
			buildActionMask = 2147483647;
			files = (
				13367D9C183A389900E466AE /* InfoPlist.strings in Resources */,
			);
			runOnlyForDeploymentPostprocessing = 0;
		};
/* End PBXResourcesBuildPhase section */

/* Begin PBXSourcesBuildPhase section */
		13367D6B183A389900E466AE /* Sources */ = {
			isa = PBXSourcesBuildPhase;
			buildActionMask = 2147483647;
			files = (
				13367DA9183A3D6D00E466AE /* LDCProcessModel.m in Sources */,
				13367D83183A389900E466AE /* LDCAppDelegate.m in Sources */,
				13367D89183A389900E466AE /* LDCViewController.m in Sources */,
				13367D7F183A389900E466AE /* main.m in Sources */,
			);
			runOnlyForDeploymentPostprocessing = 0;
		};
		13367D8C183A389900E466AE /* Sources */ = {
			isa = PBXSourcesBuildPhase;
			buildActionMask = 2147483647;
			files = (
				13367D9E183A389900E466AE /* OSMemoryManagementTests.m in Sources */,
			);
			runOnlyForDeploymentPostprocessing = 0;
		};
/* End PBXSourcesBuildPhase section */

/* Begin PBXTargetDependency section */
		13367D96183A389900E466AE /* PBXTargetDependency */ = {
			isa = PBXTargetDependency;
			target = 13367D6E183A389900E466AE /* OSMemoryManagement */;
			targetProxy = 13367D95183A389900E466AE /* PBXContainerItemProxy */;
		};
/* End PBXTargetDependency section */

/* Begin PBXVariantGroup section */
		13367D7B183A389900E466AE /* InfoPlist.strings */ = {
			isa = PBXVariantGroup;
			children = (
				13367D7C183A389900E466AE /* en */,
			);
			name = InfoPlist.strings;
			sourceTree = "<group>";
		};
		13367D84183A389900E466AE /* Main.storyboard */ = {
			isa = PBXVariantGroup;
			children = (
				13367D85183A389900E466AE /* Base */,
			);
			name = Main.storyboard;
			sourceTree = "<group>";
		};
		13367D9A183A389900E466AE /* InfoPlist.strings */ = {
			isa = PBXVariantGroup;
			children = (
				13367D9B183A389900E466AE /* en */,
			);
			name = InfoPlist.strings;
			sourceTree = "<group>";
		};
/* End PBXVariantGroup section */

/* Begin XCBuildConfiguration section */
		13367D9F183A389900E466AE /* Debug */ = {
			isa = XCBuildConfiguration;
			buildSettings = {
				ALWAYS_SEARCH_USER_PATHS = NO;
				ARCHS = "$(ARCHS_STANDARD_INCLUDING_64_BIT)";
				CLANG_CXX_LANGUAGE_STANDARD = "gnu++0x";
				CLANG_CXX_LIBRARY = "libc++";
				CLANG_ENABLE_MODULES = YES;
				CLANG_ENABLE_OBJC_ARC = YES;
				CLANG_WARN_BOOL_CONVERSION = YES;
				CLANG_WARN_CONSTANT_CONVERSION = YES;
				CLANG_WARN_DIRECT_OBJC_ISA_USAGE = YES_ERROR;
				CLANG_WARN_EMPTY_BODY = YES;
				CLANG_WARN_ENUM_CONVERSION = YES;
				CLANG_WARN_INT_CONVERSION = YES;
				CLANG_WARN_OBJC_ROOT_CLASS = YES_ERROR;
				CLANG_WARN__DUPLICATE_METHOD_MATCH = YES;
				"CODE_SIGN_IDENTITY[sdk=iphoneos*]" = "iPhone Developer";
				COPY_PHASE_STRIP = NO;
				GCC_C_LANGUAGE_STANDARD = gnu99;
				GCC_DYNAMIC_NO_PIC = NO;
				GCC_OPTIMIZATION_LEVEL = 0;
				GCC_PREPROCESSOR_DEFINITIONS = (
					"DEBUG=1",
					"$(inherited)",
				);
				GCC_SYMBOLS_PRIVATE_EXTERN = NO;
				GCC_WARN_64_TO_32_BIT_CONVERSION = YES;
				GCC_WARN_ABOUT_RETURN_TYPE = YES_ERROR;
				GCC_WARN_UNDECLARED_SELECTOR = YES;
				GCC_WARN_UNINITIALIZED_AUTOS = YES;
				GCC_WARN_UNUSED_FUNCTION = YES;
				GCC_WARN_UNUSED_VARIABLE = YES;
				IPHONEOS_DEPLOYMENT_TARGET = 7.0;
				ONLY_ACTIVE_ARCH = YES;
				SDKROOT = iphoneos;
				TARGETED_DEVICE_FAMILY = 2;
			};
			name = Debug;
		};
		13367DA0183A389900E466AE /* Release */ = {
			isa = XCBuildConfiguration;
			buildSettings = {
				ALWAYS_SEARCH_USER_PATHS = NO;
				ARCHS = "$(ARCHS_STANDARD_INCLUDING_64_BIT)";
				CLANG_CXX_LANGUAGE_STANDARD = "gnu++0x";
				CLANG_CXX_LIBRARY = "libc++";
				CLANG_ENABLE_MODULES = YES;
				CLANG_ENABLE_OBJC_ARC = YES;
				CLANG_WARN_BOOL_CONVERSION = YES;
				CLANG_WARN_CONSTANT_CONVERSION = YES;
				CLANG_WARN_DIRECT_OBJC_ISA_USAGE = YES_ERROR;
				CLANG_WARN_EMPTY_BODY = YES;
				CLANG_WARN_ENUM_CONVERSION = YES;
				CLANG_WARN_INT_CONVERSION = YES;
				CLANG_WARN_OBJC_ROOT_CLASS = YES_ERROR;
				CLANG_WARN__DUPLICATE_METHOD_MATCH = YES;
				"CODE_SIGN_IDENTITY[sdk=iphoneos*]" = "iPhone Developer";
				COPY_PHASE_STRIP = YES;
				ENABLE_NS_ASSERTIONS = NO;
				GCC_C_LANGUAGE_STANDARD = gnu99;
				GCC_WARN_64_TO_32_BIT_CONVERSION = YES;
				GCC_WARN_ABOUT_RETURN_TYPE = YES_ERROR;
				GCC_WARN_UNDECLARED_SELECTOR = YES;
				GCC_WARN_UNINITIALIZED_AUTOS = YES;
				GCC_WARN_UNUSED_FUNCTION = YES;
				GCC_WARN_UNUSED_VARIABLE = YES;
				IPHONEOS_DEPLOYMENT_TARGET = 7.0;
				SDKROOT = iphoneos;
				TARGETED_DEVICE_FAMILY = 2;
				VALIDATE_PRODUCT = YES;
			};
			name = Release;
		};
		13367DA2183A389900E466AE /* Debug */ = {
			isa = XCBuildConfiguration;
			buildSettings = {
				ASSETCATALOG_COMPILER_APPICON_NAME = AppIcon;
				ASSETCATALOG_COMPILER_LAUNCHIMAGE_NAME = LaunchImage;
				GCC_PRECOMPILE_PREFIX_HEADER = YES;
				GCC_PREFIX_HEADER = "OSMemoryManagement/OSMemoryManagement-Prefix.pch";
				INFOPLIST_FILE = "OSMemoryManagement/OSMemoryManagement-Info.plist";
				PRODUCT_NAME = "$(TARGET_NAME)";
				WRAPPER_EXTENSION = app;
			};
			name = Debug;
		};
		13367DA3183A389900E466AE /* Release */ = {
			isa = XCBuildConfiguration;
			buildSettings = {
				ASSETCATALOG_COMPILER_APPICON_NAME = AppIcon;
				ASSETCATALOG_COMPILER_LAUNCHIMAGE_NAME = LaunchImage;
				GCC_PRECOMPILE_PREFIX_HEADER = YES;
				GCC_PREFIX_HEADER = "OSMemoryManagement/OSMemoryManagement-Prefix.pch";
				INFOPLIST_FILE = "OSMemoryManagement/OSMemoryManagement-Info.plist";
				PRODUCT_NAME = "$(TARGET_NAME)";
				WRAPPER_EXTENSION = app;
			};
			name = Release;
		};
		13367DA5183A389900E466AE /* Debug */ = {
			isa = XCBuildConfiguration;
			buildSettings = {
				ARCHS = "$(ARCHS_STANDARD_INCLUDING_64_BIT)";
				BUNDLE_LOADER = "$(BUILT_PRODUCTS_DIR)/OSMemoryManagement.app/OSMemoryManagement";
				FRAMEWORK_SEARCH_PATHS = (
					"$(SDKROOT)/Developer/Library/Frameworks",
					"$(inherited)",
					"$(DEVELOPER_FRAMEWORKS_DIR)",
				);
				GCC_PRECOMPILE_PREFIX_HEADER = YES;
				GCC_PREFIX_HEADER = "OSMemoryManagement/OSMemoryManagement-Prefix.pch";
				GCC_PREPROCESSOR_DEFINITIONS = (
					"DEBUG=1",
					"$(inherited)",
				);
				INFOPLIST_FILE = "OSMemoryManagementTests/OSMemoryManagementTests-Info.plist";
				PRODUCT_NAME = "$(TARGET_NAME)";
				TEST_HOST = "$(BUNDLE_LOADER)";
				WRAPPER_EXTENSION = xctest;
			};
			name = Debug;
		};
		13367DA6183A389900E466AE /* Release */ = {
			isa = XCBuildConfiguration;
			buildSettings = {
				ARCHS = "$(ARCHS_STANDARD_INCLUDING_64_BIT)";
				BUNDLE_LOADER = "$(BUILT_PRODUCTS_DIR)/OSMemoryManagement.app/OSMemoryManagement";
				FRAMEWORK_SEARCH_PATHS = (
					"$(SDKROOT)/Developer/Library/Frameworks",
					"$(inherited)",
					"$(DEVELOPER_FRAMEWORKS_DIR)",
				);
				GCC_PRECOMPILE_PREFIX_HEADER = YES;
				GCC_PREFIX_HEADER = "OSMemoryManagement/OSMemoryManagement-Prefix.pch";
				INFOPLIST_FILE = "OSMemoryManagementTests/OSMemoryManagementTests-Info.plist";
				PRODUCT_NAME = "$(TARGET_NAME)";
				TEST_HOST = "$(BUNDLE_LOADER)";
				WRAPPER_EXTENSION = xctest;
			};
			name = Release;
		};
/* End XCBuildConfiguration section */

/* Begin XCConfigurationList section */
		13367D6A183A389900E466AE /* Build configuration list for PBXProject "OSMemoryManagement" */ = {
			isa = XCConfigurationList;
			buildConfigurations = (
				13367D9F183A389900E466AE /* Debug */,
				13367DA0183A389900E466AE /* Release */,
			);
			defaultConfigurationIsVisible = 0;
			defaultConfigurationName = Release;
		};
		13367DA1183A389900E466AE /* Build configuration list for PBXNativeTarget "OSMemoryManagement" */ = {
			isa = XCConfigurationList;
			buildConfigurations = (
				13367DA2183A389900E466AE /* Debug */,
				13367DA3183A389900E466AE /* Release */,
			);
			defaultConfigurationIsVisible = 0;
		};
		13367DA4183A389900E466AE /* Build configuration list for PBXNativeTarget "OSMemoryManagementTests" */ = {
			isa = XCConfigurationList;
			buildConfigurations = (
				13367DA5183A389900E466AE /* Debug */,
				13367DA6183A389900E466AE /* Release */,
			);
			defaultConfigurationIsVisible = 0;
		};
/* End XCConfigurationList section */
	};
	rootObject = 13367D67183A389900E466AE /* Project object */;
}
